
Microsoft Visual Studio Solution File, Format Version 12.00
# Visual Studio Version 17
VisualStudioVersion = 17.1.31911.260
MinimumVisualStudioVersion = 10.0.40219.1
Project("{FAE04EC0-301F-11D3-BF4B-00C04F79EFBC}") = "Shared Library", "Shared Library\Shared Library.csproj", "{DE242230-9186-4175-8152-4F783082B10B}"
EndProject
Project("{FAE04EC0-301F-11D3-BF4B-00C04F79EFBC}") = "Librenms Groups To Ansible Inventory ConsoleApp", "Librenms Groups To Ansible Inventory ConsoleApp\Librenms Groups To Ansible Inventory ConsoleApp.csproj", "{458E5022-4649-4B25-9B1C-4F4148765EE7}"
EndProject
Project("{FAE04EC0-301F-11D3-BF4B-00C04F79EFBC}") = "Librenms Groups To Ansible Inventory API", "Librenms Groups To Ansible Inventory API\Librenms Groups To Ansible Inventory API.csproj", "{4EF71234-B855-411D-BD0D-B7832CB9FB70}"
EndProject
Global
	GlobalSection(SolutionConfigurationPlatforms) = preSolution
		Debug|Any CPU = Debug|Any CPU
		Release|Any CPU = Release|Any CPU
	EndGlobalSection
	GlobalSection(ProjectConfigurationPlatforms) = postSolution
		{DE242230-9186-4175-8152-4F783082B10B}.Debug|Any CPU.ActiveCfg = Debug|Any CPU
		{DE242230-9186-4175-8152-4F783082B10B}.Debug|Any CPU.Build.0 = Debug|Any CPU
		{DE242230-9186-4175-8152-4F783082B10B}.Release|Any CPU.ActiveCfg = Release|Any CPU
		{DE242230-9186-4175-8152-4F783082B10B}.Release|Any CPU.Build.0 = Release|Any CPU
		{458E5022-4649-4B25-9B1C-4F4148765EE7}.Debug|Any CPU.ActiveCfg = Debug|Any CPU
		{458E5022-4649-4B25-9B1C-4F4148765EE7}.Debug|Any CPU.Build.0 = Debug|Any CPU
		{458E5022-4649-4B25-9B1C-4F4148765EE7}.Release|Any CPU.ActiveCfg = Release|Any CPU
		{458E5022-4649-4B25-9B1C-4F4148765EE7}.Release|Any CPU.Build.0 = Release|Any CPU
		{4EF71234-B855-411D-BD0D-B7832CB9FB70}.Debug|Any CPU.ActiveCfg = Debug|Any CPU
		{4EF71234-B855-411D-BD0D-B7832CB9FB70}.Debug|Any CPU.Build.0 = Debug|Any CPU
		{4EF71234-B855-411D-BD0D-B7832CB9FB70}.Release|Any CPU.ActiveCfg = Release|Any CPU
		{4EF71234-B855-411D-BD0D-B7832CB9FB70}.Release|Any CPU.Build.0 = Release|Any CPU
	EndGlobalSection
	GlobalSection(SolutionProperties) = preSolution
		HideSolutionNode = FALSE
	EndGlobalSection
	GlobalSection(ExtensibilityGlobals) = postSolution
		SolutionGuid = {341323C2-BC97-4D02-8D39-7E11DCE77AFF}
	EndGlobalSection
EndGlobal
